// !$*UTF8*$!
{
	archiveVersion = 1;
	classes = {
	};
	objectVersion = 51;
	objects = {

/* Begin PBXBuildFile section */
		DB074B6A2643F0E800141639 /* Enemy+CoreDataClass.swift in Sources */ = {isa = PBXBuildFile; fileRef = DB074B662643F0E800141639 /* Enemy+CoreDataClass.swift */; };
		DB074B6B2643F0E800141639 /* Enemy+CoreDataProperties.swift in Sources */ = {isa = PBXBuildFile; fileRef = DB074B672643F0E800141639 /* Enemy+CoreDataProperties.swift */; };
		DB074B6C2643F0E800141639 /* Character+CoreDataClass.swift in Sources */ = {isa = PBXBuildFile; fileRef = DB074B682643F0E800141639 /* Character+CoreDataClass.swift */; };
		DB074B6D2643F0E800141639 /* Character+CoreDataProperties.swift in Sources */ = {isa = PBXBuildFile; fileRef = DB074B692643F0E800141639 /* Character+CoreDataProperties.swift */; };
		DB074B722644739100141639 /* EndGameView.swift in Sources */ = {isa = PBXBuildFile; fileRef = DB074B712644739100141639 /* EndGameView.swift */; };
		DB0B54E0262CBF100068C66C /* TabBar.swift in Sources */ = {isa = PBXBuildFile; fileRef = DB0B54DF262CBF100068C66C /* TabBar.swift */; };
		DB0B54E5262CBFBA0068C66C /* SingleTask.swift in Sources */ = {isa = PBXBuildFile; fileRef = DB0B54E4262CBFBA0068C66C /* SingleTask.swift */; };
		DB0B54E8262CC0410068C66C /* MainTasksView.swift in Sources */ = {isa = PBXBuildFile; fileRef = DB0B54E7262CC0410068C66C /* MainTasksView.swift */; };
		DB0B54EC262CC57F0068C66C /* ToDoContainerView.swift in Sources */ = {isa = PBXBuildFile; fileRef = DB0B54EB262CC57F0068C66C /* ToDoContainerView.swift */; };
		DB0B54F0262CC5CC0068C66C /* SingleToDoView.swift in Sources */ = {isa = PBXBuildFile; fileRef = DB0B54EF262CC5CC0068C66C /* SingleToDoView.swift */; };
		DB0B54F5262E1D2E0068C66C /* Habit+CoreDataClass.swift in Sources */ = {isa = PBXBuildFile; fileRef = DB0B54F3262E1D2E0068C66C /* Habit+CoreDataClass.swift */; };
		DB0B54F6262E1D2E0068C66C /* Habit+CoreDataProperties.swift in Sources */ = {isa = PBXBuildFile; fileRef = DB0B54F4262E1D2E0068C66C /* Habit+CoreDataProperties.swift */; };
		DB0B54FB262E1D580068C66C /* HabitManager.swift in Sources */ = {isa = PBXBuildFile; fileRef = DB0B54FA262E1D580068C66C /* HabitManager.swift */; };
		DB2E5D89260BD88700280AB0 /* TaskViewModel.swift in Sources */ = {isa = PBXBuildFile; fileRef = DB2E5D88260BD88700280AB0 /* TaskViewModel.swift */; };
		DB2E5D8F260BDA4F00280AB0 /* LucidPlan.xcdatamodeld in Sources */ = {isa = PBXBuildFile; fileRef = DB2E5D8D260BDA4F00280AB0 /* LucidPlan.xcdatamodeld */; };
		DB2E5D93260BDCBB00280AB0 /* Task+CoreDataClass.swift in Sources */ = {isa = PBXBuildFile; fileRef = DB2E5D91260BDCBB00280AB0 /* Task+CoreDataClass.swift */; };
		DB2E5D94260BDCBB00280AB0 /* Task+CoreDataProperties.swift in Sources */ = {isa = PBXBuildFile; fileRef = DB2E5D92260BDCBB00280AB0 /* Task+CoreDataProperties.swift */; };
		DB334D882644959E0048AC44 /* Item.swift in Sources */ = {isa = PBXBuildFile; fileRef = DB334D872644959E0048AC44 /* Item.swift */; };
		DB415C2926317747006DE469 /* HabitsView.swift in Sources */ = {isa = PBXBuildFile; fileRef = DB415C2826317747006DE469 /* HabitsView.swift */; };
		DB415C2C26317BE8006DE469 /* HabitsContainer.swift in Sources */ = {isa = PBXBuildFile; fileRef = DB415C2B26317BE8006DE469 /* HabitsContainer.swift */; };
		DB415C2F26317DA7006DE469 /* SingleHabitView.swift in Sources */ = {isa = PBXBuildFile; fileRef = DB415C2E26317DA7006DE469 /* SingleHabitView.swift */; };
		DB4DE9EF2633120F005F47D0 /* GameManager.swift in Sources */ = {isa = PBXBuildFile; fileRef = DB4DE9EE2633120F005F47D0 /* GameManager.swift */; };
		DB4DE9F226331221005F47D0 /* CharacterManager.swift in Sources */ = {isa = PBXBuildFile; fileRef = DB4DE9F126331221005F47D0 /* CharacterManager.swift */; };
		DB4DE9F6263441F3005F47D0 /* CharacterView.swift in Sources */ = {isa = PBXBuildFile; fileRef = DB4DE9F5263441F3005F47D0 /* CharacterView.swift */; };
		DB4DE9FA26349388005F47D0 /* CustomShape.swift in Sources */ = {isa = PBXBuildFile; fileRef = DB4DE9F926349388005F47D0 /* CustomShape.swift */; };
		DB4DE9FD26398F9B005F47D0 /* FightView.swift in Sources */ = {isa = PBXBuildFile; fileRef = DB4DE9FC26398F9B005F47D0 /* FightView.swift */; };
		DB4DEA002639EE29005F47D0 /* ShopView.swift in Sources */ = {isa = PBXBuildFile; fileRef = DB4DE9FF2639EE29005F47D0 /* ShopView.swift */; };
		DB4DEA032639F700005F47D0 /* InventoryView.swift in Sources */ = {isa = PBXBuildFile; fileRef = DB4DEA022639F700005F47D0 /* InventoryView.swift */; };
		DB4DEA062639FFE7005F47D0 /* EnemyView.swift in Sources */ = {isa = PBXBuildFile; fileRef = DB4DEA052639FFE7005F47D0 /* EnemyView.swift */; };
		DB4DEA0A263A0373005F47D0 /* ShopItem+CoreDataClass.swift in Sources */ = {isa = PBXBuildFile; fileRef = DB4DEA08263A0373005F47D0 /* ShopItem+CoreDataClass.swift */; };
		DB4DEA0B263A0373005F47D0 /* ShopItem+CoreDataProperties.swift in Sources */ = {isa = PBXBuildFile; fileRef = DB4DEA09263A0373005F47D0 /* ShopItem+CoreDataProperties.swift */; };
		DB7DB18B263DF8E2001F540F /* SettingsMenuView.swift in Sources */ = {isa = PBXBuildFile; fileRef = DB7DB18A263DF8E2001F540F /* SettingsMenuView.swift */; };
		DB7DB18F26408052001F540F /* CalendarImportView.swift in Sources */ = {isa = PBXBuildFile; fileRef = DB7DB18E26408052001F540F /* CalendarImportView.swift */; };
		DB7DB19326415552001F540F /* CalendarEventManager.swift in Sources */ = {isa = PBXBuildFile; fileRef = DB7DB19226415552001F540F /* CalendarEventManager.swift */; };
		DB7DB1972642877A001F540F /* EnemyManager.swift in Sources */ = {isa = PBXBuildFile; fileRef = DB7DB19626428779001F540F /* EnemyManager.swift */; };
		DB881C112602B2F9000556FA /* LucidPlanApp.swift in Sources */ = {isa = PBXBuildFile; fileRef = DB881C102602B2F9000556FA /* LucidPlanApp.swift */; };
		DB881C132602B2F9000556FA /* ContentView.swift in Sources */ = {isa = PBXBuildFile; fileRef = DB881C122602B2F9000556FA /* ContentView.swift */; };
		DB881C152602B2FE000556FA /* Assets.xcassets in Resources */ = {isa = PBXBuildFile; fileRef = DB881C142602B2FE000556FA /* Assets.xcassets */; };
		DB881C182602B2FE000556FA /* Preview Assets.xcassets in Resources */ = {isa = PBXBuildFile; fileRef = DB881C172602B2FE000556FA /* Preview Assets.xcassets */; };
		DB881C1A2602B2FE000556FA /* Persistence.swift in Sources */ = {isa = PBXBuildFile; fileRef = DB881C192602B2FE000556FA /* Persistence.swift */; };
		DB881C272602B3B4000556FA /* TasksView.swift in Sources */ = {isa = PBXBuildFile; fileRef = DB881C262602B3B4000556FA /* TasksView.swift */; };
		DB881C322603E352000556FA /* ToDoView.swift in Sources */ = {isa = PBXBuildFile; fileRef = DB881C312603E352000556FA /* ToDoView.swift */; };
		DB881C352603EF01000556FA /* DeadlineView.swift in Sources */ = {isa = PBXBuildFile; fileRef = DB881C342603EF01000556FA /* DeadlineView.swift */; };
		DB8F584826288D5800A94434 /* ToDo+CoreDataClass.swift in Sources */ = {isa = PBXBuildFile; fileRef = DB8F584626288D5800A94434 /* ToDo+CoreDataClass.swift */; };
		DB8F584926288D5800A94434 /* ToDo+CoreDataProperties.swift in Sources */ = {isa = PBXBuildFile; fileRef = DB8F584726288D5800A94434 /* ToDo+CoreDataProperties.swift */; };
		DBC88BB62610ED4000F53820 /* AddTaskView.swift in Sources */ = {isa = PBXBuildFile; fileRef = DBC88BB52610ED4000F53820 /* AddTaskView.swift */; };
		DBC88BBA2611B14500F53820 /* LoginView.swift in Sources */ = {isa = PBXBuildFile; fileRef = DBC88BB92611B14500F53820 /* LoginView.swift */; };
		DBC88BBE2611D5F700F53820 /* Tag.swift in Sources */ = {isa = PBXBuildFile; fileRef = DBC88BBD2611D5F700F53820 /* Tag.swift */; };
		DBC88BC22611EB2C00F53820 /* ChatScreen.swift in Sources */ = {isa = PBXBuildFile; fileRef = DBC88BC12611EB2C00F53820 /* ChatScreen.swift */; };
		DBC88BC52611EB7900F53820 /* SocketIOManager.swift in Sources */ = {isa = PBXBuildFile; fileRef = DBC88BC42611EB7900F53820 /* SocketIOManager.swift */; };
		DBC88BCC2611ED0B00F53820 /* SingleMessageView.swift in Sources */ = {isa = PBXBuildFile; fileRef = DBC88BCB2611ED0B00F53820 /* SingleMessageView.swift */; };
		DBC88BCF2611ED5B00F53820 /* MessageModel.swift in Sources */ = {isa = PBXBuildFile; fileRef = DBC88BCE2611ED5B00F53820 /* MessageModel.swift */; };
		DBD07B7226289FB100E2B2B8 /* AddToDo.swift in Sources */ = {isa = PBXBuildFile; fileRef = DBD07B7126289FB100E2B2B8 /* AddToDo.swift */; };
		DBD07B752628A7C000E2B2B8 /* ToDoManager.swift in Sources */ = {isa = PBXBuildFile; fileRef = DBD07B742628A7C000E2B2B8 /* ToDoManager.swift */; };
		DBD07B7C2628AA8B00E2B2B8 /* TaskManager.swift in Sources */ = {isa = PBXBuildFile; fileRef = DBD07B7B2628AA8B00E2B2B8 /* TaskManager.swift */; };
		E0CF5780FD6E6B3384051AF6 /* Pods_LucidPlan.framework in Frameworks */ = {isa = PBXBuildFile; fileRef = E1312FF1ABA8BFC8D46C18EA /* Pods_LucidPlan.framework */; };
/* End PBXBuildFile section */

/* Begin PBXFileReference section */
		0E03C46BF09AD8DAFBEB7546 /* Pods-LucidPlan.debug.xcconfig */ = {isa = PBXFileReference; includeInIndex = 1; lastKnownFileType = text.xcconfig; name = "Pods-LucidPlan.debug.xcconfig"; path = "Target Support Files/Pods-LucidPlan/Pods-LucidPlan.debug.xcconfig"; sourceTree = "<group>"; };
		9D0556EA0D427223D7500349 /* Pods-LucidPlan.release.xcconfig */ = {isa = PBXFileReference; includeInIndex = 1; lastKnownFileType = text.xcconfig; name = "Pods-LucidPlan.release.xcconfig"; path = "Target Support Files/Pods-LucidPlan/Pods-LucidPlan.release.xcconfig"; sourceTree = "<group>"; };
		DB074B662643F0E800141639 /* Enemy+CoreDataClass.swift */ = {isa = PBXFileReference; lastKnownFileType = sourcecode.swift; name = "Enemy+CoreDataClass.swift"; path = "LucidPlan/Models/Game/Enemy+CoreDataClass.swift"; sourceTree = SOURCE_ROOT; };
		DB074B672643F0E800141639 /* Enemy+CoreDataProperties.swift */ = {isa = PBXFileReference; lastKnownFileType = sourcecode.swift; name = "Enemy+CoreDataProperties.swift"; path = "LucidPlan/Models/Game/Enemy+CoreDataProperties.swift"; sourceTree = SOURCE_ROOT; };
		DB074B682643F0E800141639 /* Character+CoreDataClass.swift */ = {isa = PBXFileReference; lastKnownFileType = sourcecode.swift; name = "Character+CoreDataClass.swift"; path = "LucidPlan/Models/Game/Character+CoreDataClass.swift"; sourceTree = SOURCE_ROOT; };
		DB074B692643F0E800141639 /* Character+CoreDataProperties.swift */ = {isa = PBXFileReference; lastKnownFileType = sourcecode.swift; name = "Character+CoreDataProperties.swift"; path = "LucidPlan/Models/Game/Character+CoreDataProperties.swift"; sourceTree = SOURCE_ROOT; };
		DB074B712644739100141639 /* EndGameView.swift */ = {isa = PBXFileReference; lastKnownFileType = sourcecode.swift; path = EndGameView.swift; sourceTree = "<group>"; };
		DB0B54DF262CBF100068C66C /* TabBar.swift */ = {isa = PBXFileReference; lastKnownFileType = sourcecode.swift; path = TabBar.swift; sourceTree = "<group>"; };
		DB0B54E4262CBFBA0068C66C /* SingleTask.swift */ = {isa = PBXFileReference; lastKnownFileType = sourcecode.swift; path = SingleTask.swift; sourceTree = "<group>"; };
		DB0B54E7262CC0410068C66C /* MainTasksView.swift */ = {isa = PBXFileReference; lastKnownFileType = sourcecode.swift; path = MainTasksView.swift; sourceTree = "<group>"; };
		DB0B54EB262CC57F0068C66C /* ToDoContainerView.swift */ = {isa = PBXFileReference; lastKnownFileType = sourcecode.swift; path = ToDoContainerView.swift; sourceTree = "<group>"; };
		DB0B54EF262CC5CC0068C66C /* SingleToDoView.swift */ = {isa = PBXFileReference; lastKnownFileType = sourcecode.swift; path = SingleToDoView.swift; sourceTree = "<group>"; };
		DB0B54F3262E1D2E0068C66C /* Habit+CoreDataClass.swift */ = {isa = PBXFileReference; lastKnownFileType = sourcecode.swift; name = "Habit+CoreDataClass.swift"; path = "LucidPlan/Models/Habit/Habit+CoreDataClass.swift"; sourceTree = SOURCE_ROOT; };
		DB0B54F4262E1D2E0068C66C /* Habit+CoreDataProperties.swift */ = {isa = PBXFileReference; lastKnownFileType = sourcecode.swift; name = "Habit+CoreDataProperties.swift"; path = "LucidPlan/Models/Habit/Habit+CoreDataProperties.swift"; sourceTree = SOURCE_ROOT; };
		DB0B54FA262E1D580068C66C /* HabitManager.swift */ = {isa = PBXFileReference; lastKnownFileType = sourcecode.swift; path = HabitManager.swift; sourceTree = "<group>"; };
		DB2E5D88260BD88700280AB0 /* TaskViewModel.swift */ = {isa = PBXFileReference; lastKnownFileType = sourcecode.swift; path = TaskViewModel.swift; sourceTree = "<group>"; };
		DB2E5D8E260BDA4F00280AB0 /* LucidPlan.xcdatamodel */ = {isa = PBXFileReference; lastKnownFileType = wrapper.xcdatamodel; path = LucidPlan.xcdatamodel; sourceTree = "<group>"; };
		DB2E5D91260BDCBB00280AB0 /* Task+CoreDataClass.swift */ = {isa = PBXFileReference; lastKnownFileType = sourcecode.swift; name = "Task+CoreDataClass.swift"; path = "LucidPlan/Models/Task/Task+CoreDataClass.swift"; sourceTree = SOURCE_ROOT; };
		DB2E5D92260BDCBB00280AB0 /* Task+CoreDataProperties.swift */ = {isa = PBXFileReference; lastKnownFileType = sourcecode.swift; name = "Task+CoreDataProperties.swift"; path = "LucidPlan/Models/Task/Task+CoreDataProperties.swift"; sourceTree = SOURCE_ROOT; };
		DB334D872644959E0048AC44 /* Item.swift */ = {isa = PBXFileReference; lastKnownFileType = sourcecode.swift; path = Item.swift; sourceTree = "<group>"; };
		DB415C2826317747006DE469 /* HabitsView.swift */ = {isa = PBXFileReference; lastKnownFileType = sourcecode.swift; path = HabitsView.swift; sourceTree = "<group>"; };
		DB415C2B26317BE8006DE469 /* HabitsContainer.swift */ = {isa = PBXFileReference; lastKnownFileType = sourcecode.swift; path = HabitsContainer.swift; sourceTree = "<group>"; };
		DB415C2E26317DA7006DE469 /* SingleHabitView.swift */ = {isa = PBXFileReference; lastKnownFileType = sourcecode.swift; path = SingleHabitView.swift; sourceTree = "<group>"; };
		DB4DE9EE2633120F005F47D0 /* GameManager.swift */ = {isa = PBXFileReference; lastKnownFileType = sourcecode.swift; path = GameManager.swift; sourceTree = "<group>"; };
		DB4DE9F126331221005F47D0 /* CharacterManager.swift */ = {isa = PBXFileReference; lastKnownFileType = sourcecode.swift; path = CharacterManager.swift; sourceTree = "<group>"; };
		DB4DE9F5263441F3005F47D0 /* CharacterView.swift */ = {isa = PBXFileReference; lastKnownFileType = sourcecode.swift; path = CharacterView.swift; sourceTree = "<group>"; };
		DB4DE9F926349388005F47D0 /* CustomShape.swift */ = {isa = PBXFileReference; lastKnownFileType = sourcecode.swift; path = CustomShape.swift; sourceTree = "<group>"; };
		DB4DE9FC26398F9B005F47D0 /* FightView.swift */ = {isa = PBXFileReference; lastKnownFileType = sourcecode.swift; path = FightView.swift; sourceTree = "<group>"; };
		DB4DE9FF2639EE29005F47D0 /* ShopView.swift */ = {isa = PBXFileReference; lastKnownFileType = sourcecode.swift; path = ShopView.swift; sourceTree = "<group>"; };
		DB4DEA022639F700005F47D0 /* InventoryView.swift */ = {isa = PBXFileReference; lastKnownFileType = sourcecode.swift; path = InventoryView.swift; sourceTree = "<group>"; };
		DB4DEA052639FFE7005F47D0 /* EnemyView.swift */ = {isa = PBXFileReference; lastKnownFileType = sourcecode.swift; path = EnemyView.swift; sourceTree = "<group>"; };
		DB4DEA08263A0373005F47D0 /* ShopItem+CoreDataClass.swift */ = {isa = PBXFileReference; lastKnownFileType = sourcecode.swift; name = "ShopItem+CoreDataClass.swift"; path = "LucidPlan/Models/Game/ShopItem+CoreDataClass.swift"; sourceTree = SOURCE_ROOT; };
		DB4DEA09263A0373005F47D0 /* ShopItem+CoreDataProperties.swift */ = {isa = PBXFileReference; lastKnownFileType = sourcecode.swift; name = "ShopItem+CoreDataProperties.swift"; path = "LucidPlan/Models/Game/ShopItem+CoreDataProperties.swift"; sourceTree = SOURCE_ROOT; };
		DB7DB18A263DF8E2001F540F /* SettingsMenuView.swift */ = {isa = PBXFileReference; lastKnownFileType = sourcecode.swift; path = SettingsMenuView.swift; sourceTree = "<group>"; };
		DB7DB18E26408052001F540F /* CalendarImportView.swift */ = {isa = PBXFileReference; lastKnownFileType = sourcecode.swift; path = CalendarImportView.swift; sourceTree = "<group>"; };
		DB7DB19226415552001F540F /* CalendarEventManager.swift */ = {isa = PBXFileReference; lastKnownFileType = sourcecode.swift; path = CalendarEventManager.swift; sourceTree = "<group>"; };
		DB7DB19626428779001F540F /* EnemyManager.swift */ = {isa = PBXFileReference; lastKnownFileType = sourcecode.swift; path = EnemyManager.swift; sourceTree = "<group>"; };
		DB881C0D2602B2F9000556FA /* LucidPlan.app */ = {isa = PBXFileReference; explicitFileType = wrapper.application; includeInIndex = 0; path = LucidPlan.app; sourceTree = BUILT_PRODUCTS_DIR; };
		DB881C102602B2F9000556FA /* LucidPlanApp.swift */ = {isa = PBXFileReference; lastKnownFileType = sourcecode.swift; path = LucidPlanApp.swift; sourceTree = "<group>"; };
		DB881C122602B2F9000556FA /* ContentView.swift */ = {isa = PBXFileReference; lastKnownFileType = sourcecode.swift; path = ContentView.swift; sourceTree = "<group>"; };
		DB881C142602B2FE000556FA /* Assets.xcassets */ = {isa = PBXFileReference; lastKnownFileType = folder.assetcatalog; path = Assets.xcassets; sourceTree = "<group>"; };
		DB881C172602B2FE000556FA /* Preview Assets.xcassets */ = {isa = PBXFileReference; lastKnownFileType = folder.assetcatalog; path = "Preview Assets.xcassets"; sourceTree = "<group>"; };
		DB881C192602B2FE000556FA /* Persistence.swift */ = {isa = PBXFileReference; lastKnownFileType = sourcecode.swift; path = Persistence.swift; sourceTree = "<group>"; };
		DB881C1E2602B2FE000556FA /* Info.plist */ = {isa = PBXFileReference; lastKnownFileType = text.plist.xml; path = Info.plist; sourceTree = "<group>"; };
		DB881C262602B3B4000556FA /* TasksView.swift */ = {isa = PBXFileReference; lastKnownFileType = sourcecode.swift; path = TasksView.swift; sourceTree = "<group>"; };
		DB881C312603E352000556FA /* ToDoView.swift */ = {isa = PBXFileReference; lastKnownFileType = sourcecode.swift; path = ToDoView.swift; sourceTree = "<group>"; };
		DB881C342603EF01000556FA /* DeadlineView.swift */ = {isa = PBXFileReference; lastKnownFileType = sourcecode.swift; path = DeadlineView.swift; sourceTree = "<group>"; };
		DB8F584626288D5800A94434 /* ToDo+CoreDataClass.swift */ = {isa = PBXFileReference; lastKnownFileType = sourcecode.swift; name = "ToDo+CoreDataClass.swift"; path = "LucidPlan/Models/ToDo/ToDo+CoreDataClass.swift"; sourceTree = SOURCE_ROOT; };
		DB8F584726288D5800A94434 /* ToDo+CoreDataProperties.swift */ = {isa = PBXFileReference; lastKnownFileType = sourcecode.swift; name = "ToDo+CoreDataProperties.swift"; path = "LucidPlan/Models/ToDo/ToDo+CoreDataProperties.swift"; sourceTree = SOURCE_ROOT; };
		DBC88BB52610ED4000F53820 /* AddTaskView.swift */ = {isa = PBXFileReference; lastKnownFileType = sourcecode.swift; path = AddTaskView.swift; sourceTree = "<group>"; };
		DBC88BB92611B14500F53820 /* LoginView.swift */ = {isa = PBXFileReference; lastKnownFileType = sourcecode.swift; path = LoginView.swift; sourceTree = "<group>"; };
		DBC88BBD2611D5F700F53820 /* Tag.swift */ = {isa = PBXFileReference; lastKnownFileType = sourcecode.swift; path = Tag.swift; sourceTree = "<group>"; };
		DBC88BC12611EB2C00F53820 /* ChatScreen.swift */ = {isa = PBXFileReference; lastKnownFileType = sourcecode.swift; path = ChatScreen.swift; sourceTree = "<group>"; };
		DBC88BC42611EB7900F53820 /* SocketIOManager.swift */ = {isa = PBXFileReference; lastKnownFileType = sourcecode.swift; path = SocketIOManager.swift; sourceTree = "<group>"; };
		DBC88BCB2611ED0B00F53820 /* SingleMessageView.swift */ = {isa = PBXFileReference; lastKnownFileType = sourcecode.swift; path = SingleMessageView.swift; sourceTree = "<group>"; };
		DBC88BCE2611ED5B00F53820 /* MessageModel.swift */ = {isa = PBXFileReference; lastKnownFileType = sourcecode.swift; path = MessageModel.swift; sourceTree = "<group>"; };
		DBD07B7126289FB100E2B2B8 /* AddToDo.swift */ = {isa = PBXFileReference; lastKnownFileType = sourcecode.swift; path = AddToDo.swift; sourceTree = "<group>"; };
		DBD07B742628A7C000E2B2B8 /* ToDoManager.swift */ = {isa = PBXFileReference; lastKnownFileType = sourcecode.swift; path = ToDoManager.swift; sourceTree = "<group>"; };
		DBD07B7B2628AA8B00E2B2B8 /* TaskManager.swift */ = {isa = PBXFileReference; lastKnownFileType = sourcecode.swift; path = TaskManager.swift; sourceTree = "<group>"; };
		E1312FF1ABA8BFC8D46C18EA /* Pods_LucidPlan.framework */ = {isa = PBXFileReference; explicitFileType = wrapper.framework; includeInIndex = 0; path = Pods_LucidPlan.framework; sourceTree = BUILT_PRODUCTS_DIR; };
/* End PBXFileReference section */

/* Begin PBXFrameworksBuildPhase section */
		DB881C0A2602B2F9000556FA /* Frameworks */ = {
			isa = PBXFrameworksBuildPhase;
			buildActionMask = 2147483647;
			files = (
				E0CF5780FD6E6B3384051AF6 /* Pods_LucidPlan.framework in Frameworks */,
			);
			runOnlyForDeploymentPostprocessing = 0;
		};
/* End PBXFrameworksBuildPhase section */

/* Begin PBXGroup section */
		1C01A92A4B67F80F2ADE2063 /* Frameworks */ = {
			isa = PBXGroup;
			children = (
				E1312FF1ABA8BFC8D46C18EA /* Pods_LucidPlan.framework */,
			);
			name = Frameworks;
			sourceTree = "<group>";
		};
		DB074B702644734300141639 /* Fight */ = {
			isa = PBXGroup;
			children = (
				DB4DE9FC26398F9B005F47D0 /* FightView.swift */,
				DB4DEA052639FFE7005F47D0 /* EnemyView.swift */,
				DB074B712644739100141639 /* EndGameView.swift */,
			);
			path = Fight;
			sourceTree = "<group>";
		};
		DB0B54DC262CBB230068C66C /* Tasks */ = {
			isa = PBXGroup;
			children = (
				DBC88BB52610ED4000F53820 /* AddTaskView.swift */,
				DB881C262602B3B4000556FA /* TasksView.swift */,
				DB0B54E4262CBFBA0068C66C /* SingleTask.swift */,
				DB0B54E7262CC0410068C66C /* MainTasksView.swift */,
			);
			path = Tasks;
			sourceTree = "<group>";
		};
		DB0B54DE262CBEBA0068C66C /* Login */ = {
			isa = PBXGroup;
			children = (
				DBC88BB92611B14500F53820 /* LoginView.swift */,
				DB0B54DF262CBF100068C66C /* TabBar.swift */,
			);
			path = Login;
			sourceTree = "<group>";
		};
		DB0B54EA262CC53F0068C66C /* ToDo */ = {
			isa = PBXGroup;
			children = (
				DBD07B7126289FB100E2B2B8 /* AddToDo.swift */,
				DB881C312603E352000556FA /* ToDoView.swift */,
				DB0B54EB262CC57F0068C66C /* ToDoContainerView.swift */,
				DB0B54EF262CC5CC0068C66C /* SingleToDoView.swift */,
			);
			path = ToDo;
			sourceTree = "<group>";
		};
		DB0B54F2262E1CB10068C66C /* Habits */ = {
			isa = PBXGroup;
			children = (
				DB415C2826317747006DE469 /* HabitsView.swift */,
				DB415C2B26317BE8006DE469 /* HabitsContainer.swift */,
				DB415C2E26317DA7006DE469 /* SingleHabitView.swift */,
			);
			path = Habits;
			sourceTree = "<group>";
		};
		DB2E5D87260BD82500280AB0 /* Managers */ = {
			isa = PBXGroup;
			children = (
				DB7DB19126415521001F540F /* Event Synchronizers */,
				DB4DE9ED263311E1005F47D0 /* Game */,
				DBC88BC42611EB7900F53820 /* SocketIOManager.swift */,
				DB2E5D88260BD88700280AB0 /* TaskViewModel.swift */,
				DBD07B742628A7C000E2B2B8 /* ToDoManager.swift */,
				DBD07B7B2628AA8B00E2B2B8 /* TaskManager.swift */,
				DB0B54FA262E1D580068C66C /* HabitManager.swift */,
			);
			path = Managers;
			sourceTree = "<group>";
		};
		DB415C3126330E16006DE469 /* Habit */ = {
			isa = PBXGroup;
			children = (
				DB0B54F3262E1D2E0068C66C /* Habit+CoreDataClass.swift */,
				DB0B54F4262E1D2E0068C66C /* Habit+CoreDataProperties.swift */,
			);
			path = Habit;
			sourceTree = "<group>";
		};
		DB415C3226330E2E006DE469 /* ToDo */ = {
			isa = PBXGroup;
			children = (
				DB8F584626288D5800A94434 /* ToDo+CoreDataClass.swift */,
				DB8F584726288D5800A94434 /* ToDo+CoreDataProperties.swift */,
			);
			path = ToDo;
			sourceTree = "<group>";
		};
		DB415C3326330E3D006DE469 /* Task */ = {
			isa = PBXGroup;
			children = (
				DB2E5D92260BDCBB00280AB0 /* Task+CoreDataProperties.swift */,
				DB2E5D91260BDCBB00280AB0 /* Task+CoreDataClass.swift */,
			);
			path = Task;
			sourceTree = "<group>";
		};
		DB415C3526330F50006DE469 /* Game */ = {
			isa = PBXGroup;
			children = (
				DB074B662643F0E800141639 /* Enemy+CoreDataClass.swift */,
				DB074B672643F0E800141639 /* Enemy+CoreDataProperties.swift */,
				DB074B682643F0E800141639 /* Character+CoreDataClass.swift */,
				DB074B692643F0E800141639 /* Character+CoreDataProperties.swift */,
				DB4DEA08263A0373005F47D0 /* ShopItem+CoreDataClass.swift */,
				DB4DEA09263A0373005F47D0 /* ShopItem+CoreDataProperties.swift */,
				DB334D872644959E0048AC44 /* Item.swift */,
			);
			path = Game;
			sourceTree = "<group>";
		};
		DB4DE9ED263311E1005F47D0 /* Game */ = {
			isa = PBXGroup;
			children = (
				DB4DE9EE2633120F005F47D0 /* GameManager.swift */,
				DB4DE9F126331221005F47D0 /* CharacterManager.swift */,
				DB7DB19626428779001F540F /* EnemyManager.swift */,
			);
			path = Game;
			sourceTree = "<group>";
		};
		DB4DE9F4263441DB005F47D0 /* Game */ = {
			isa = PBXGroup;
			children = (
				DB074B702644734300141639 /* Fight */,
				DB4DE9F5263441F3005F47D0 /* CharacterView.swift */,
				DB4DE9FF2639EE29005F47D0 /* ShopView.swift */,
				DB4DEA022639F700005F47D0 /* InventoryView.swift */,
			);
			path = Game;
			sourceTree = "<group>";
		};
		DB7DB18D26408026001F540F /* Settings */ = {
			isa = PBXGroup;
			children = (
				DB7DB18A263DF8E2001F540F /* SettingsMenuView.swift */,
				DB7DB18E26408052001F540F /* CalendarImportView.swift */,
			);
			path = Settings;
			sourceTree = "<group>";
		};
		DB7DB19126415521001F540F /* Event Synchronizers */ = {
			isa = PBXGroup;
			children = (
				DB7DB19226415552001F540F /* CalendarEventManager.swift */,
			);
			path = "Event Synchronizers";
			sourceTree = "<group>";
		};
		DB881C042602B2F8000556FA = {
			isa = PBXGroup;
			children = (
				DB881C0F2602B2F9000556FA /* LucidPlan */,
				DB881C0E2602B2F9000556FA /* Products */,
				E2970DF523B2691447B8AB26 /* Pods */,
				1C01A92A4B67F80F2ADE2063 /* Frameworks */,
			);
			sourceTree = "<group>";
		};
		DB881C0E2602B2F9000556FA /* Products */ = {
			isa = PBXGroup;
			children = (
				DB881C0D2602B2F9000556FA /* LucidPlan.app */,
			);
			name = Products;
			sourceTree = "<group>";
		};
		DB881C0F2602B2F9000556FA /* LucidPlan */ = {
			isa = PBXGroup;
			children = (
				DBC88BBC2611D5DD00F53820 /* Models */,
				DB2E5D87260BD82500280AB0 /* Managers */,
				DB881C252602B361000556FA /* Views */,
				DB2E5D8D260BDA4F00280AB0 /* LucidPlan.xcdatamodeld */,
				DB881C122602B2F9000556FA /* ContentView.swift */,
				DB881C142602B2FE000556FA /* Assets.xcassets */,
				DB881C192602B2FE000556FA /* Persistence.swift */,
				DB881C1E2602B2FE000556FA /* Info.plist */,
				DB881C162602B2FE000556FA /* Preview Content */,
			);
			path = LucidPlan;
			sourceTree = "<group>";
		};
		DB881C162602B2FE000556FA /* Preview Content */ = {
			isa = PBXGroup;
			children = (
				DB881C172602B2FE000556FA /* Preview Assets.xcassets */,
			);
			path = "Preview Content";
			sourceTree = "<group>";
		};
		DB881C252602B361000556FA /* Views */ = {
			isa = PBXGroup;
			children = (
				DB7DB18D26408026001F540F /* Settings */,
				DB4DE9F4263441DB005F47D0 /* Game */,
				DB0B54F2262E1CB10068C66C /* Habits */,
				DB0B54EA262CC53F0068C66C /* ToDo */,
				DB0B54DE262CBEBA0068C66C /* Login */,
				DB0B54DC262CBB230068C66C /* Tasks */,
				DB881C342603EF01000556FA /* DeadlineView.swift */,
				DBC88BC12611EB2C00F53820 /* ChatScreen.swift */,
				DBC88BCB2611ED0B00F53820 /* SingleMessageView.swift */,
				DB881C102602B2F9000556FA /* LucidPlanApp.swift */,
				DB4DE9F926349388005F47D0 /* CustomShape.swift */,
			);
			path = Views;
			sourceTree = "<group>";
		};
		DBC88BBC2611D5DD00F53820 /* Models */ = {
			isa = PBXGroup;
			children = (
				DB415C3526330F50006DE469 /* Game */,
				DB415C3326330E3D006DE469 /* Task */,
				DB415C3226330E2E006DE469 /* ToDo */,
				DB415C3126330E16006DE469 /* Habit */,
				DBC88BCE2611ED5B00F53820 /* MessageModel.swift */,
				DBC88BBD2611D5F700F53820 /* Tag.swift */,
			);
			path = Models;
			sourceTree = "<group>";
		};
		E2970DF523B2691447B8AB26 /* Pods */ = {
			isa = PBXGroup;
			children = (
				0E03C46BF09AD8DAFBEB7546 /* Pods-LucidPlan.debug.xcconfig */,
				9D0556EA0D427223D7500349 /* Pods-LucidPlan.release.xcconfig */,
			);
			path = Pods;
			sourceTree = "<group>";
		};
/* End PBXGroup section */

/* Begin PBXNativeTarget section */
		DB881C0C2602B2F9000556FA /* LucidPlan */ = {
			isa = PBXNativeTarget;
			buildConfigurationList = DB881C212602B2FE000556FA /* Build configuration list for PBXNativeTarget "LucidPlan" */;
			buildPhases = (
				50F0419E6681699D1E21EE8F /* [CP] Check Pods Manifest.lock */,
				DB881C092602B2F9000556FA /* Sources */,
				DB881C0A2602B2F9000556FA /* Frameworks */,
				DB881C0B2602B2F9000556FA /* Resources */,
				91F84E7D9131E2CAB58B76A0 /* [CP] Embed Pods Frameworks */,
			);
			buildRules = (
			);
			dependencies = (
			);
			name = LucidPlan;
			productName = LucidPlan;
			productReference = DB881C0D2602B2F9000556FA /* LucidPlan.app */;
			productType = "com.apple.product-type.application";
		};
/* End PBXNativeTarget section */

/* Begin PBXProject section */
		DB881C052602B2F8000556FA /* Project object */ = {
			isa = PBXProject;
			attributes = {
				LastSwiftUpdateCheck = 1230;
				LastUpgradeCheck = 1230;
				TargetAttributes = {
					DB881C0C2602B2F9000556FA = {
						CreatedOnToolsVersion = 12.3;
					};
				};
			};
			buildConfigurationList = DB881C082602B2F8000556FA /* Build configuration list for PBXProject "LucidPlan" */;
			compatibilityVersion = "Xcode 9.3";
			developmentRegion = en;
			hasScannedForEncodings = 0;
			knownRegions = (
				en,
				Base,
			);
			mainGroup = DB881C042602B2F8000556FA;
			productRefGroup = DB881C0E2602B2F9000556FA /* Products */;
			projectDirPath = "";
			projectRoot = "";
			targets = (
				DB881C0C2602B2F9000556FA /* LucidPlan */,
			);
		};
/* End PBXProject section */

/* Begin PBXResourcesBuildPhase section */
		DB881C0B2602B2F9000556FA /* Resources */ = {
			isa = PBXResourcesBuildPhase;
			buildActionMask = 2147483647;
			files = (
				DB881C182602B2FE000556FA /* Preview Assets.xcassets in Resources */,
				DB881C152602B2FE000556FA /* Assets.xcassets in Resources */,
			);
			runOnlyForDeploymentPostprocessing = 0;
		};
/* End PBXResourcesBuildPhase section */

/* Begin PBXShellScriptBuildPhase section */
		50F0419E6681699D1E21EE8F /* [CP] Check Pods Manifest.lock */ = {
			isa = PBXShellScriptBuildPhase;
			buildActionMask = 2147483647;
			files = (
			);
			inputFileListPaths = (
			);
			inputPaths = (
				"${PODS_PODFILE_DIR_PATH}/Podfile.lock",
				"${PODS_ROOT}/Manifest.lock",
			);
			name = "[CP] Check Pods Manifest.lock";
			outputFileListPaths = (
			);
			outputPaths = (
				"$(DERIVED_FILE_DIR)/Pods-LucidPlan-checkManifestLockResult.txt",
			);
			runOnlyForDeploymentPostprocessing = 0;
			shellPath = /bin/sh;
			shellScript = "diff \"${PODS_PODFILE_DIR_PATH}/Podfile.lock\" \"${PODS_ROOT}/Manifest.lock\" > /dev/null\nif [ $? != 0 ] ; then\n    # print error to STDERR\n    echo \"error: The sandbox is not in sync with the Podfile.lock. Run 'pod install' or update your CocoaPods installation.\" >&2\n    exit 1\nfi\n# This output is used by Xcode 'outputs' to avoid re-running this script phase.\necho \"SUCCESS\" > \"${SCRIPT_OUTPUT_FILE_0}\"\n";
			showEnvVarsInLog = 0;
		};
		91F84E7D9131E2CAB58B76A0 /* [CP] Embed Pods Frameworks */ = {
			isa = PBXShellScriptBuildPhase;
			buildActionMask = 2147483647;
			files = (
			);
			inputFileListPaths = (
				"${PODS_ROOT}/Target Support Files/Pods-LucidPlan/Pods-LucidPlan-frameworks-${CONFIGURATION}-input-files.xcfilelist",
			);
			name = "[CP] Embed Pods Frameworks";
			outputFileListPaths = (
				"${PODS_ROOT}/Target Support Files/Pods-LucidPlan/Pods-LucidPlan-frameworks-${CONFIGURATION}-output-files.xcfilelist",
			);
			runOnlyForDeploymentPostprocessing = 0;
			shellPath = /bin/sh;
			shellScript = "\"${PODS_ROOT}/Target Support Files/Pods-LucidPlan/Pods-LucidPlan-frameworks.sh\"\n";
			showEnvVarsInLog = 0;
		};
/* End PBXShellScriptBuildPhase section */

/* Begin PBXSourcesBuildPhase section */
		DB881C092602B2F9000556FA /* Sources */ = {
			isa = PBXSourcesBuildPhase;
			buildActionMask = 2147483647;
			files = (
				DB8F584926288D5800A94434 /* ToDo+CoreDataProperties.swift in Sources */,
				DB4DE9EF2633120F005F47D0 /* GameManager.swift in Sources */,
				DB4DEA062639FFE7005F47D0 /* EnemyView.swift in Sources */,
				DB881C1A2602B2FE000556FA /* Persistence.swift in Sources */,
				DB4DE9F6263441F3005F47D0 /* CharacterView.swift in Sources */,
				DB4DE9F226331221005F47D0 /* CharacterManager.swift in Sources */,
				DB074B6B2643F0E800141639 /* Enemy+CoreDataProperties.swift in Sources */,
				DBC88BC52611EB7900F53820 /* SocketIOManager.swift in Sources */,
				DB2E5D93260BDCBB00280AB0 /* Task+CoreDataClass.swift in Sources */,
				DB881C132602B2F9000556FA /* ContentView.swift in Sources */,
				DBC88BCC2611ED0B00F53820 /* SingleMessageView.swift in Sources */,
				DBC88BB62610ED4000F53820 /* AddTaskView.swift in Sources */,
				DB415C2926317747006DE469 /* HabitsView.swift in Sources */,
				DB2E5D8F260BDA4F00280AB0 /* LucidPlan.xcdatamodeld in Sources */,
				DB7DB1972642877A001F540F /* EnemyManager.swift in Sources */,
				DB334D882644959E0048AC44 /* Item.swift in Sources */,
				DB0B54F5262E1D2E0068C66C /* Habit+CoreDataClass.swift in Sources */,
				DB0B54E5262CBFBA0068C66C /* SingleTask.swift in Sources */,
				DB881C112602B2F9000556FA /* LucidPlanApp.swift in Sources */,
				DB7DB18B263DF8E2001F540F /* SettingsMenuView.swift in Sources */,
				DBC88BBA2611B14500F53820 /* LoginView.swift in Sources */,
				DB881C322603E352000556FA /* ToDoView.swift in Sources */,
				DB415C2C26317BE8006DE469 /* HabitsContainer.swift in Sources */,
				DBC88BCF2611ED5B00F53820 /* MessageModel.swift in Sources */,
				DB074B6D2643F0E800141639 /* Character+CoreDataProperties.swift in Sources */,
				DB2E5D89260BD88700280AB0 /* TaskViewModel.swift in Sources */,
				DB7DB19326415552001F540F /* CalendarEventManager.swift in Sources */,
				DB881C352603EF01000556FA /* DeadlineView.swift in Sources */,
				DB4DEA0B263A0373005F47D0 /* ShopItem+CoreDataProperties.swift in Sources */,
				DB4DEA002639EE29005F47D0 /* ShopView.swift in Sources */,
				DBD07B7C2628AA8B00E2B2B8 /* TaskManager.swift in Sources */,
				DB074B6C2643F0E800141639 /* Character+CoreDataClass.swift in Sources */,
				DB0B54EC262CC57F0068C66C /* ToDoContainerView.swift in Sources */,
				DB2E5D94260BDCBB00280AB0 /* Task+CoreDataProperties.swift in Sources */,
				DB0B54F6262E1D2E0068C66C /* Habit+CoreDataProperties.swift in Sources */,
				DB881C272602B3B4000556FA /* TasksView.swift in Sources */,
				DBD07B752628A7C000E2B2B8 /* ToDoManager.swift in Sources */,
				DB0B54E8262CC0410068C66C /* MainTasksView.swift in Sources */,
				DB4DEA0A263A0373005F47D0 /* ShopItem+CoreDataClass.swift in Sources */,
				DBC88BBE2611D5F700F53820 /* Tag.swift in Sources */,
				DB4DE9FD26398F9B005F47D0 /* FightView.swift in Sources */,
				DB074B722644739100141639 /* EndGameView.swift in Sources */,
				DB415C2F26317DA7006DE469 /* SingleHabitView.swift in Sources */,
				DB074B6A2643F0E800141639 /* Enemy+CoreDataClass.swift in Sources */,
				DB0B54FB262E1D580068C66C /* HabitManager.swift in Sources */,
				DBC88BC22611EB2C00F53820 /* ChatScreen.swift in Sources */,
				DB8F584826288D5800A94434 /* ToDo+CoreDataClass.swift in Sources */,
				DBD07B7226289FB100E2B2B8 /* AddToDo.swift in Sources */,
				DB0B54E0262CBF100068C66C /* TabBar.swift in Sources */,
				DB4DEA032639F700005F47D0 /* InventoryView.swift in Sources */,
				DB7DB18F26408052001F540F /* CalendarImportView.swift in Sources */,
				DB0B54F0262CC5CC0068C66C /* SingleToDoView.swift in Sources */,
				DB4DE9FA26349388005F47D0 /* CustomShape.swift in Sources */,
			);
			runOnlyForDeploymentPostprocessing = 0;
		};
/* End PBXSourcesBuildPhase section */

/* Begin XCBuildConfiguration section */
		DB881C1F2602B2FE000556FA /* Debug */ = {
			isa = XCBuildConfiguration;
			buildSettings = {
				ALWAYS_SEARCH_USER_PATHS = NO;
				CLANG_ANALYZER_NONNULL = YES;
				CLANG_ANALYZER_NUMBER_OBJECT_CONVERSION = YES_AGGRESSIVE;
				CLANG_CXX_LANGUAGE_STANDARD = "gnu++14";
				CLANG_CXX_LIBRARY = "libc++";
				CLANG_ENABLE_MODULES = YES;
				CLANG_ENABLE_OBJC_ARC = YES;
				CLANG_ENABLE_OBJC_WEAK = YES;
				CLANG_WARN_BLOCK_CAPTURE_AUTORELEASING = YES;
				CLANG_WARN_BOOL_CONVERSION = YES;
				CLANG_WARN_COMMA = YES;
				CLANG_WARN_CONSTANT_CONVERSION = YES;
				CLANG_WARN_DEPRECATED_OBJC_IMPLEMENTATIONS = YES;
				CLANG_WARN_DIRECT_OBJC_ISA_USAGE = YES_ERROR;
				CLANG_WARN_DOCUMENTATION_COMMENTS = YES;
				CLANG_WARN_EMPTY_BODY = YES;
				CLANG_WARN_ENUM_CONVERSION = YES;
				CLANG_WARN_INFINITE_RECURSION = YES;
				CLANG_WARN_INT_CONVERSION = YES;
				CLANG_WARN_NON_LITERAL_NULL_CONVERSION = YES;
				CLANG_WARN_OBJC_IMPLICIT_RETAIN_SELF = YES;
				CLANG_WARN_OBJC_LITERAL_CONVERSION = YES;
				CLANG_WARN_OBJC_ROOT_CLASS = YES_ERROR;
				CLANG_WARN_QUOTED_INCLUDE_IN_FRAMEWORK_HEADER = YES;
				CLANG_WARN_RANGE_LOOP_ANALYSIS = YES;
				CLANG_WARN_STRICT_PROTOTYPES = YES;
				CLANG_WARN_SUSPICIOUS_MOVE = YES;
				CLANG_WARN_UNGUARDED_AVAILABILITY = YES_AGGRESSIVE;
				CLANG_WARN_UNREACHABLE_CODE = YES;
				CLANG_WARN__DUPLICATE_METHOD_MATCH = YES;
				COPY_PHASE_STRIP = NO;
				DEBUG_INFORMATION_FORMAT = dwarf;
				ENABLE_STRICT_OBJC_MSGSEND = YES;
				ENABLE_TESTABILITY = YES;
				GCC_C_LANGUAGE_STANDARD = gnu11;
				GCC_DYNAMIC_NO_PIC = NO;
				GCC_NO_COMMON_BLOCKS = YES;
				GCC_OPTIMIZATION_LEVEL = 0;
				GCC_PREPROCESSOR_DEFINITIONS = (
					"DEBUG=1",
					"$(inherited)",
				);
				GCC_WARN_64_TO_32_BIT_CONVERSION = YES;
				GCC_WARN_ABOUT_RETURN_TYPE = YES_ERROR;
				GCC_WARN_UNDECLARED_SELECTOR = YES;
				GCC_WARN_UNINITIALIZED_AUTOS = YES_AGGRESSIVE;
				GCC_WARN_UNUSED_FUNCTION = YES;
				GCC_WARN_UNUSED_VARIABLE = YES;
				IPHONEOS_DEPLOYMENT_TARGET = 14.3;
				MTL_ENABLE_DEBUG_INFO = INCLUDE_SOURCE;
				MTL_FAST_MATH = YES;
				ONLY_ACTIVE_ARCH = YES;
				SDKROOT = iphoneos;
				SWIFT_ACTIVE_COMPILATION_CONDITIONS = DEBUG;
				SWIFT_OPTIMIZATION_LEVEL = "-Onone";
			};
			name = Debug;
		};
		DB881C202602B2FE000556FA /* Release */ = {
			isa = XCBuildConfiguration;
			buildSettings = {
				ALWAYS_SEARCH_USER_PATHS = NO;
				CLANG_ANALYZER_NONNULL = YES;
				CLANG_ANALYZER_NUMBER_OBJECT_CONVERSION = YES_AGGRESSIVE;
				CLANG_CXX_LANGUAGE_STANDARD = "gnu++14";
				CLANG_CXX_LIBRARY = "libc++";
				CLANG_ENABLE_MODULES = YES;
				CLANG_ENABLE_OBJC_ARC = YES;
				CLANG_ENABLE_OBJC_WEAK = YES;
				CLANG_WARN_BLOCK_CAPTURE_AUTORELEASING = YES;
				CLANG_WARN_BOOL_CONVERSION = YES;
				CLANG_WARN_COMMA = YES;
				CLANG_WARN_CONSTANT_CONVERSION = YES;
				CLANG_WARN_DEPRECATED_OBJC_IMPLEMENTATIONS = YES;
				CLANG_WARN_DIRECT_OBJC_ISA_USAGE = YES_ERROR;
				CLANG_WARN_DOCUMENTATION_COMMENTS = YES;
				CLANG_WARN_EMPTY_BODY = YES;
				CLANG_WARN_ENUM_CONVERSION = YES;
				CLANG_WARN_INFINITE_RECURSION = YES;
				CLANG_WARN_INT_CONVERSION = YES;
				CLANG_WARN_NON_LITERAL_NULL_CONVERSION = YES;
				CLANG_WARN_OBJC_IMPLICIT_RETAIN_SELF = YES;
				CLANG_WARN_OBJC_LITERAL_CONVERSION = YES;
				CLANG_WARN_OBJC_ROOT_CLASS = YES_ERROR;
				CLANG_WARN_QUOTED_INCLUDE_IN_FRAMEWORK_HEADER = YES;
				CLANG_WARN_RANGE_LOOP_ANALYSIS = YES;
				CLANG_WARN_STRICT_PROTOTYPES = YES;
				CLANG_WARN_SUSPICIOUS_MOVE = YES;
				CLANG_WARN_UNGUARDED_AVAILABILITY = YES_AGGRESSIVE;
				CLANG_WARN_UNREACHABLE_CODE = YES;
				CLANG_WARN__DUPLICATE_METHOD_MATCH = YES;
				COPY_PHASE_STRIP = NO;
				DEBUG_INFORMATION_FORMAT = "dwarf-with-dsym";
				ENABLE_NS_ASSERTIONS = NO;
				ENABLE_STRICT_OBJC_MSGSEND = YES;
				GCC_C_LANGUAGE_STANDARD = gnu11;
				GCC_NO_COMMON_BLOCKS = YES;
				GCC_WARN_64_TO_32_BIT_CONVERSION = YES;
				GCC_WARN_ABOUT_RETURN_TYPE = YES_ERROR;
				GCC_WARN_UNDECLARED_SELECTOR = YES;
				GCC_WARN_UNINITIALIZED_AUTOS = YES_AGGRESSIVE;
				GCC_WARN_UNUSED_FUNCTION = YES;
				GCC_WARN_UNUSED_VARIABLE = YES;
				IPHONEOS_DEPLOYMENT_TARGET = 14.3;
				MTL_ENABLE_DEBUG_INFO = NO;
				MTL_FAST_MATH = YES;
				SDKROOT = iphoneos;
				SWIFT_COMPILATION_MODE = wholemodule;
				SWIFT_OPTIMIZATION_LEVEL = "-O";
				VALIDATE_PRODUCT = YES;
			};
			name = Release;
		};
		DB881C222602B2FE000556FA /* Debug */ = {
			isa = XCBuildConfiguration;
			baseConfigurationReference = 0E03C46BF09AD8DAFBEB7546 /* Pods-LucidPlan.debug.xcconfig */;
			buildSettings = {
				ASSETCATALOG_COMPILER_APPICON_NAME = AppIcon;
				ASSETCATALOG_COMPILER_GLOBAL_ACCENT_COLOR_NAME = AccentColor;
				CODE_SIGN_STYLE = Automatic;
				DEVELOPMENT_ASSET_PATHS = "\"LucidPlan/Preview Content\"";
				DEVELOPMENT_TEAM = 57N35P6574;
				ENABLE_PREVIEWS = YES;
				INFOPLIST_FILE = LucidPlan/Info.plist;
				IPHONEOS_DEPLOYMENT_TARGET = 14.0;
				LD_RUNPATH_SEARCH_PATHS = (
					"$(inherited)",
					"@executable_path/Frameworks",
				);
				PRODUCT_BUNDLE_IDENTIFIER = ru.hse.cs.se.LucidPlan;
				PRODUCT_NAME = "$(TARGET_NAME)";
				SWIFT_VERSION = 5.0;
				TARGETED_DEVICE_FAMILY = "1,2";
			};
			name = Debug;
		};
		DB881C232602B2FE000556FA /* Release */ = {
			isa = XCBuildConfiguration;
			baseConfigurationReference = 9D0556EA0D427223D7500349 /* Pods-LucidPlan.release.xcconfig */;
			buildSettings = {
				ASSETCATALOG_COMPILER_APPICON_NAME = AppIcon;
				ASSETCATALOG_COMPILER_GLOBAL_ACCENT_COLOR_NAME = AccentColor;
				CODE_SIGN_STYLE = Automatic;
				DEVELOPMENT_ASSET_PATHS = "\"LucidPlan/Preview Content\"";
				DEVELOPMENT_TEAM = 57N35P6574;
				ENABLE_PREVIEWS = YES;
				INFOPLIST_FILE = LucidPlan/Info.plist;
				IPHONEOS_DEPLOYMENT_TARGET = 14.0;
				LD_RUNPATH_SEARCH_PATHS = (
					"$(inherited)",
					"@executable_path/Frameworks",
				);
				PRODUCT_BUNDLE_IDENTIFIER = ru.hse.cs.se.LucidPlan;
				PRODUCT_NAME = "$(TARGET_NAME)";
				SWIFT_VERSION = 5.0;
				TARGETED_DEVICE_FAMILY = "1,2";
			};
			name = Release;
		};
/* End XCBuildConfiguration section */

/* Begin XCConfigurationList section */
		DB881C082602B2F8000556FA /* Build configuration list for PBXProject "LucidPlan" */ = {
			isa = XCConfigurationList;
			buildConfigurations = (
				DB881C1F2602B2FE000556FA /* Debug */,
				DB881C202602B2FE000556FA /* Release */,
			);
			defaultConfigurationIsVisible = 0;
			defaultConfigurationName = Release;
		};
		DB881C212602B2FE000556FA /* Build configuration list for PBXNativeTarget "LucidPlan" */ = {
			isa = XCConfigurationList;
			buildConfigurations = (
				DB881C222602B2FE000556FA /* Debug */,
				DB881C232602B2FE000556FA /* Release */,
			);
			defaultConfigurationIsVisible = 0;
			defaultConfigurationName = Release;
		};
/* End XCConfigurationList section */

/* Begin XCVersionGroup section */
		DB2E5D8D260BDA4F00280AB0 /* LucidPlan.xcdatamodeld */ = {
			isa = XCVersionGroup;
			children = (
				DB2E5D8E260BDA4F00280AB0 /* LucidPlan.xcdatamodel */,
			);
			currentVersion = DB2E5D8E260BDA4F00280AB0 /* LucidPlan.xcdatamodel */;
			path = LucidPlan.xcdatamodeld;
			sourceTree = "<group>";
			versionGroupType = wrapper.xcdatamodel;
		};
/* End XCVersionGroup section */
	};
	rootObject = DB881C052602B2F8000556FA /* Project object */;
}
